
Microsoft Visual Studio Solution File, Format Version 12.00
# Visual Studio Version 16
VisualStudioVersion = 16.0.810.9
MinimumVisualStudioVersion = 10.0.40219.1
Project("{FAE04EC0-301F-11D3-BF4B-00C04F79EFBC}") = "replit_100_soucinZadanych", "replit_100_soucinZadanych\replit_100_soucinZadanych.csproj", "{3E3E4467-473C-4861-9DE6-D2B7204F2CA1}"
EndProject
Global
	GlobalSection(SolutionConfigurationPlatforms) = preSolution
		Debug|Any CPU = Debug|Any CPU
		Release|Any CPU = Release|Any CPU
	EndGlobalSection
	GlobalSection(ProjectConfigurationPlatforms) = postSolution
		{3E3E4467-473C-4861-9DE6-D2B7204F2CA1}.Debug|Any CPU.ActiveCfg = Debug|Any CPU
		{3E3E4467-473C-4861-9DE6-D2B7204F2CA1}.Debug|Any CPU.Build.0 = Debug|Any CPU
		{3E3E4467-473C-4861-9DE6-D2B7204F2CA1}.Release|Any CPU.ActiveCfg = Release|Any CPU
		{3E3E4467-473C-4861-9DE6-D2B7204F2CA1}.Release|Any CPU.Build.0 = Release|Any CPU
	EndGlobalSection
	GlobalSection(SolutionProperties) = preSolution
		HideSolutionNode = FALSE
	EndGlobalSection
	GlobalSection(ExtensibilityGlobals) = postSolution
		SolutionGuid = {9F10E099-332E-415B-ADA4-A7CC28E99A98}
	EndGlobalSection
EndGlobal
